
Microsoft Visual Studio Solution File, Format Version 12.00
# Visual Studio Version 16
VisualStudioVersion = 16.0.30523.141
MinimumVisualStudioVersion = 10.0.40219.1
Project("{FAE04EC0-301F-11D3-BF4B-00C04F79EFBC}") = "UT2_Ac4_CaracteresLimitados", "UT2_Ac3_CaracteresLimitados\UT2_Ac4_CaracteresLimitados.csproj", "{EC4BD747-AA38-4314-9235-C2B5387A64DA}"
EndProject
Global
	GlobalSection(SolutionConfigurationPlatforms) = preSolution
		Debug|Any CPU = Debug|Any CPU
		Release|Any CPU = Release|Any CPU
	EndGlobalSection
	GlobalSection(ProjectConfigurationPlatforms) = postSolution
		{EC4BD747-AA38-4314-9235-C2B5387A64DA}.Debug|Any CPU.ActiveCfg = Debug|Any CPU
		{EC4BD747-AA38-4314-9235-C2B5387A64DA}.Debug|Any CPU.Build.0 = Debug|Any CPU
		{EC4BD747-AA38-4314-9235-C2B5387A64DA}.Release|Any CPU.ActiveCfg = Release|Any CPU
		{EC4BD747-AA38-4314-9235-C2B5387A64DA}.Release|Any CPU.Build.0 = Release|Any CPU
	EndGlobalSection
	GlobalSection(SolutionProperties) = preSolution
		HideSolutionNode = FALSE
	EndGlobalSection
	GlobalSection(ExtensibilityGlobals) = postSolution
		SolutionGuid = {F5A17FA8-12C7-48E5-9C28-484AC46EDC73}
	EndGlobalSection
EndGlobal
